// !$*UTF8*$!
{
	archiveVersion = 1;
	classes = {
	};
	objectVersion = 46;
	objects = {

/* Begin PBXBuildFile section */
		A87B82E61C6D0AD400CDAF2A /* AppDelegate.swift in Sources */ = {isa = PBXBuildFile; fileRef = A87B82E51C6D0AD400CDAF2A /* AppDelegate.swift */; };
		A87B82E81C6D0AD400CDAF2A /* ViewController.swift in Sources */ = {isa = PBXBuildFile; fileRef = A87B82E71C6D0AD400CDAF2A /* ViewController.swift */; };
		A87B82EB1C6D0AD400CDAF2A /* Main.storyboard in Resources */ = {isa = PBXBuildFile; fileRef = A87B82E91C6D0AD400CDAF2A /* Main.storyboard */; };
		A87B82ED1C6D0AD400CDAF2A /* Assets.xcassets in Resources */ = {isa = PBXBuildFile; fileRef = A87B82EC1C6D0AD400CDAF2A /* Assets.xcassets */; };
		A87B82F01C6D0AD400CDAF2A /* LaunchScreen.storyboard in Resources */ = {isa = PBXBuildFile; fileRef = A87B82EE1C6D0AD400CDAF2A /* LaunchScreen.storyboard */; };
/* End PBXBuildFile section */

/* Begin PBXFileReference section */
		A87B82E21C6D0AD400CDAF2A /* SuperCool.app */ = {isa = PBXFileReference; explicitFileType = wrapper.application; includeInIndex = 0; path = SuperCool.app; sourceTree = BUILT_PRODUCTS_DIR; };
		A87B82E51C6D0AD400CDAF2A /* AppDelegate.swift */ = {isa = PBXFileReference; lastKnownFileType = sourcecode.swift; path = AppDelegate.swift; sourceTree = "<group>"; };
		A87B82E71C6D0AD400CDAF2A /* ViewController.swift */ = {isa = PBXFileReference; lastKnownFileType = sourcecode.swift; path = ViewController.swift; sourceTree = "<group>"; };
		A87B82EA1C6D0AD400CDAF2A /* Base */ = {isa = PBXFileReference; lastKnownFileType = file.storyboard; name = Base; path = Base.lproj/Main.storyboard; sourceTree = "<group>"; };
		A87B82EC1C6D0AD400CDAF2A /* Assets.xcassets */ = {isa = PBXFileReference; lastKnownFileType = folder.assetcatalog; path = Assets.xcassets; sourceTree = "<group>"; };
		A87B82EF1C6D0AD400CDAF2A /* Base */ = {isa = PBXFileReference; lastKnownFileType = file.storyboard; name = Base; path = Base.lproj/LaunchScreen.storyboard; sourceTree = "<group>"; };
		A87B82F11C6D0AD400CDAF2A /* Info.plist */ = {isa = PBXFileReference; lastKnownFileType = text.plist.xml; path = Info.plist; sourceTree = "<group>"; };
/* End PBXFileReference section */

/* Begin PBXFrameworksBuildPhase section */
		A87B82DF1C6D0AD400CDAF2A /* Frameworks */ = {
			isa = PBXFrameworksBuildPhase;
			buildActionMask = 2147483647;
			files = (
			);
			runOnlyForDeploymentPostprocessing = 0;
		};
/* End PBXFrameworksBuildPhase section */

/* Begin PBXGroup section */
		A87B82D91C6D0AD400CDAF2A = {
			isa = PBXGroup;
			children = (
				A87B82E41C6D0AD400CDAF2A /* SuperCool */,
				A87B82E31C6D0AD400CDAF2A /* Products */,
			);
			sourceTree = "<group>";
		};
		A87B82E31C6D0AD400CDAF2A /* Products */ = {
			isa = PBXGroup;
			children = (
				A87B82E21C6D0AD400CDAF2A /* SuperCool.app */,
			);
			name = Products;
			sourceTree = "<group>";
		};
		A87B82E41C6D0AD400CDAF2A /* SuperCool */ = {
			isa = PBXGroup;
			children = (
				A87B82E51C6D0AD400CDAF2A /* AppDelegate.swift */,
				A87B82E71C6D0AD400CDAF2A /* ViewController.swift */,
				A87B82E91C6D0AD400CDAF2A /* Main.storyboard */,
				A87B82EC1C6D0AD400CDAF2A /* Assets.xcassets */,
				A87B82EE1C6D0AD400CDAF2A /* LaunchScreen.storyboard */,
				A87B82F11C6D0AD400CDAF2A /* Info.plist */,
			);
			path = SuperCool;
			sourceTree = "<group>";
		};
/* End PBXGroup section */

/* Begin PBXNativeTarget section */
		A87B82E11C6D0AD400CDAF2A /* SuperCool */ = {
			isa = PBXNativeTarget;
			buildConfigurationList = A87B82F41C6D0AD400CDAF2A /* Build configuration list for PBXNativeTarget "SuperCool" */;
			buildPhases = (
				A87B82DE1C6D0AD400CDAF2A /* Sources */,
				A87B82DF1C6D0AD400CDAF2A /* Frameworks */,
				A87B82E01C6D0AD400CDAF2A /* Resources */,
			);
			buildRules = (
			);
			dependencies = (
			);
			name = SuperCool;
			productName = SuperCool;
			productReference = A87B82E21C6D0AD400CDAF2A /* SuperCool.app */;
			productType = "com.apple.product-type.application";
		};
/* End PBXNativeTarget section */

/* Begin PBXProject section */
		A87B82DA1C6D0AD400CDAF2A /* Project object */ = {
			isa = PBXProject;
			attributes = {
				LastSwiftUpdateCheck = 0720;
				LastUpgradeCheck = 0720;
				ORGANIZATIONNAME = "betaTech, LLC";
				TargetAttributes = {
					A87B82E11C6D0AD400CDAF2A = {
						CreatedOnToolsVersion = 7.2.1;
					};
				};
			};
			buildConfigurationList = A87B82DD1C6D0AD400CDAF2A /* Build configuration list for PBXProject "SuperCool" */;
			compatibilityVersion = "Xcode 3.2";
			developmentRegion = English;
			hasScannedForEncodings = 0;
			knownRegions = (
				en,
				Base,
			);
			mainGroup = A87B82D91C6D0AD400CDAF2A;
			productRefGroup = A87B82E31C6D0AD400CDAF2A /* Products */;
			projectDirPath = "";
			projectRoot = "";
			targets = (
				A87B82E11C6D0AD400CDAF2A /* SuperCool */,
			);
		};
/* End PBXProject section */

/* Begin PBXResourcesBuildPhase section */
		A87B82E01C6D0AD400CDAF2A /* Resources */ = {
			isa = PBXResourcesBuildPhase;
			buildActionMask = 2147483647;
			files = (
				A87B82F01C6D0AD400CDAF2A /* LaunchScreen.storyboard in Resources */,
				A87B82ED1C6D0AD400CDAF2A /* Assets.xcassets in Resources */,
				A87B82EB1C6D0AD400CDAF2A /* Main.storyboard in Resources */,
			);
			runOnlyForDeploymentPostprocessing = 0;
		};
/* End PBXResourcesBuildPhase section */

/* Begin PBXSourcesBuildPhase section */
		A87B82DE1C6D0AD400CDAF2A /* Sources */ = {
			isa = PBXSourcesBuildPhase;
			buildActionMask = 2147483647;
			files = (
				A87B82E81C6D0AD400CDAF2A /* ViewController.swift in Sources */,
				A87B82E61C6D0AD400CDAF2A /* AppDelegate.swift in Sources */,
			);
			runOnlyForDeploymentPostprocessing = 0;
		};
/* End PBXSourcesBuildPhase section */

/* Begin PBXVariantGroup section */
		A87B82E91C6D0AD400CDAF2A /* Main.storyboard */ = {
			isa = PBXVariantGroup;
			children = (
				A87B82EA1C6D0AD400CDAF2A /* Base */,
			);
			name = Main.storyboard;
			sourceTree = "<group>";
		};
		A87B82EE1C6D0AD400CDAF2A /* LaunchScreen.storyboard */ = {
			isa = PBXVariantGroup;
			children = (
				A87B82EF1C6D0AD400CDAF2A /* Base */,
			);
			name = LaunchScreen.storyboard;
			sourceTree = "<group>";
		};
/* End PBXVariantGroup section */

/* Begin XCBuildConfiguration section */
		A87B82F21C6D0AD400CDAF2A /* Debug */ = {
			isa = XCBuildConfiguration;
			buildSettings = {
				ALWAYS_SEARCH_USER_PATHS = NO;
				CLANG_CXX_LANGUAGE_STANDARD = "gnu++0x";
				CLANG_CXX_LIBRARY = "libc++";
				CLANG_ENABLE_MODULES = YES;
				CLANG_ENABLE_OBJC_ARC = YES;
				CLANG_WARN_BOOL_CONVERSION = YES;
				CLANG_WARN_CONSTANT_CONVERSION = YES;
				CLANG_WARN_DIRECT_OBJC_ISA_USAGE = YES_ERROR;
				CLANG_WARN_EMPTY_BODY = YES;
				CLANG_WARN_ENUM_CONVERSION = YES;
				CLANG_WARN_INT_CONVERSION = YES;
				CLANG_WARN_OBJC_ROOT_CLASS = YES_ERROR;
				CLANG_WARN_UNREACHABLE_CODE = YES;
				CLANG_WARN__DUPLICATE_METHOD_MATCH = YES;
				"CODE_SIGN_IDENTITY[sdk=iphoneos*]" = "iPhone Developer";
				COPY_PHASE_STRIP = NO;
				DEBUG_INFORMATION_FORMAT = dwarf;
				ENABLE_STRICT_OBJC_MSGSEND = YES;
				ENABLE_TESTABILITY = YES;
				GCC_C_LANGUAGE_STANDARD = gnu99;
				GCC_DYNAMIC_NO_PIC = NO;
				GCC_NO_COMMON_BLOCKS = YES;
				GCC_OPTIMIZATION_LEVEL = 0;
				GCC_PREPROCESSOR_DEFINITIONS = (
					"DEBUG=1",
					"$(inherited)",
				);
				GCC_WARN_64_TO_32_BIT_CONVERSION = YES;
				GCC_WARN_ABOUT_RETURN_TYPE = YES_ERROR;
				GCC_WARN_UNDECLARED_SELECTOR = YES;
				GCC_WARN_UNINITIALIZED_AUTOS = YES_AGGRESSIVE;
				GCC_WARN_UNUSED_FUNCTION = YES;
				GCC_WARN_UNUSED_VARIABLE = YES;
				IPHONEOS_DEPLOYMENT_TARGET = 9.2;
				MTL_ENABLE_DEBUG_INFO = YES;
				ONLY_ACTIVE_ARCH = YES;
				SDKROOT = iphoneos;
				SWIFT_OPTIMIZATION_LEVEL = "-Onone";
			};
			name = Debug;
		};
		A87B82F31C6D0AD400CDAF2A /* Release */ = {
			isa = XCBuildConfiguration;
			buildSettings = {
				ALWAYS_SEARCH_USER_PATHS = NO;
				CLANG_CXX_LANGUAGE_STANDARD = "gnu++0x";
				CLANG_CXX_LIBRARY = "libc++";
				CLANG_ENABLE_MODULES = YES;
				CLANG_ENABLE_OBJC_ARC = YES;
				CLANG_WARN_BOOL_CONVERSION = YES;
				CLANG_WARN_CONSTANT_CONVERSION = YES;
				CLANG_WARN_DIRECT_OBJC_ISA_USAGE = YES_ERROR;
				CLANG_WARN_EMPTY_BODY = YES;
				CLANG_WARN_ENUM_CONVERSION = YES;
				CLANG_WARN_INT_CONVERSION = YES;
				CLANG_WARN_OBJC_ROOT_CLASS = YES_ERROR;
				CLANG_WARN_UNREACHABLE_CODE = YES;
				CLANG_WARN__DUPLICATE_METHOD_MATCH = YES;
				"CODE_SIGN_IDENTITY[sdk=iphoneos*]" = "iPhone Developer";
				COPY_PHASE_STRIP = NO;
				DEBUG_INFORMATION_FORMAT = "dwarf-with-dsym";
				ENABLE_NS_ASSERTIONS = NO;
				ENABLE_STRICT_OBJC_MSGSEND = YES;
				GCC_C_LANGUAGE_STANDARD = gnu99;
				GCC_NO_COMMON_BLOCKS = YES;
				GCC_WARN_64_TO_32_BIT_CONVERSION = YES;
				GCC_WARN_ABOUT_RETURN_TYPE = YES_ERROR;
				GCC_WARN_UNDECLARED_SELECTOR = YES;
				GCC_WARN_UNINITIALIZED_AUTOS = YES_AGGRESSIVE;
				GCC_WARN_UNUSED_FUNCTION = YES;
				GCC_WARN_UNUSED_VARIABLE = YES;
				IPHONEOS_DEPLOYMENT_TARGET = 9.2;
				MTL_ENABLE_DEBUG_INFO = NO;
				SDKROOT = iphoneos;
				VALIDATE_PRODUCT = YES;
			};
			name = Release;
		};
		A87B82F51C6D0AD400CDAF2A /* Debug */ = {
			isa = XCBuildConfiguration;
			buildSettings = {
				ASSETCATALOG_COMPILER_APPICON_NAME = AppIcon;
				INFOPLIST_FILE = SuperCool/Info.plist;
				LD_RUNPATH_SEARCH_PATHS = "$(inherited) @executable_path/Frameworks";
				PRODUCT_BUNDLE_IDENTIFIER = co.betatech.SuperCool;
				PRODUCT_NAME = "$(TARGET_NAME)";
			};
			name = Debug;
		};
		A87B82F61C6D0AD400CDAF2A /* Release */ = {
			isa = XCBuildConfiguration;
			buildSettings = {
				ASSETCATALOG_COMPILER_APPICON_NAME = AppIcon;
				INFOPLIST_FILE = SuperCool/Info.plist;
				LD_RUNPATH_SEARCH_PATHS = "$(inherited) @executable_path/Frameworks";
				PRODUCT_BUNDLE_IDENTIFIER = co.betatech.SuperCool;
				PRODUCT_NAME = "$(TARGET_NAME)";
			};
			name = Release;
		};
/* End XCBuildConfiguration section */

/* Begin XCConfigurationList section */
		A87B82DD1C6D0AD400CDAF2A /* Build configuration list for PBXProject "SuperCool" */ = {
			isa = XCConfigurationList;
			buildConfigurations = (
				A87B82F21C6D0AD400CDAF2A /* Debug */,
				A87B82F31C6D0AD400CDAF2A /* Release */,
			);
			defaultConfigurationIsVisible = 0;
			defaultConfigurationName = Release;
		};
		A87B82F41C6D0AD400CDAF2A /* Build configuration list for PBXNativeTarget "SuperCool" */ = {
			isa = XCConfigurationList;
			buildConfigurations = (
				A87B82F51C6D0AD400CDAF2A /* Debug */,
				A87B82F61C6D0AD400CDAF2A /* Release */,
			);
			defaultConfigurationIsVisible = 0;
		};
/* End XCConfigurationList section */
	};
	rootObject = A87B82DA1C6D0AD400CDAF2A /* Project object */;
}
